# THIS IS AN AUTOGENERATED FILE. DO NOT EDIT THIS FILE DIRECTLY.
# yarn lockfile v1


csv-parser@^3.2.1:
  version "3.2.1"
  resolved "https://registry.npmjs.org/csv-parser/-/csv-parser-3.2.1.tgz"
  integrity sha512-v8RPMSglouR9od735SnwSxLBbCJqEPSbgm1R5qfr8yIiMUCEFjox56kRZid0SvgHJEkxeIEu3+a9QS3YRh7CuA==
